
Microsoft Visual Studio Solution File, Format Version 12.00
# Visual Studio 2013
VisualStudioVersion = 12.0.30110.0
MinimumVisualStudioVersion = 10.0.40219.1
Project("{FAE04EC0-301F-11D3-BF4B-00C04F79EFBC}") = "Jither.PBKDF2", "Jither.PBKDF2\Jither.PBKDF2.csproj", "{056DA0A7-9EC2-49CB-AC96-D12C86D1556D}"
EndProject
Project("{FAE04EC0-301F-11D3-BF4B-00C04F79EFBC}") = "Jither.PBKDF2.Test", "Jither.PBKDF2.Test\Jither.PBKDF2.Test.csproj", "{B760CFAE-C9B0-457B-8CF5-5C28F3C84C9B}"
EndProject
Global
	GlobalSection(SolutionConfigurationPlatforms) = preSolution
		Debug|Any CPU = Debug|Any CPU
		Release|Any CPU = Release|Any CPU
	EndGlobalSection
	GlobalSection(ProjectConfigurationPlatforms) = postSolution
		{056DA0A7-9EC2-49CB-AC96-D12C86D1556D}.Debug|Any CPU.ActiveCfg = Debug|Any CPU
		{056DA0A7-9EC2-49CB-AC96-D12C86D1556D}.Debug|Any CPU.Build.0 = Debug|Any CPU
		{056DA0A7-9EC2-49CB-AC96-D12C86D1556D}.Release|Any CPU.ActiveCfg = Release|Any CPU
		{056DA0A7-9EC2-49CB-AC96-D12C86D1556D}.Release|Any CPU.Build.0 = Release|Any CPU
		{B760CFAE-C9B0-457B-8CF5-5C28F3C84C9B}.Debug|Any CPU.ActiveCfg = Debug|Any CPU
		{B760CFAE-C9B0-457B-8CF5-5C28F3C84C9B}.Debug|Any CPU.Build.0 = Debug|Any CPU
		{B760CFAE-C9B0-457B-8CF5-5C28F3C84C9B}.Release|Any CPU.ActiveCfg = Release|Any CPU
		{B760CFAE-C9B0-457B-8CF5-5C28F3C84C9B}.Release|Any CPU.Build.0 = Release|Any CPU
	EndGlobalSection
	GlobalSection(SolutionProperties) = preSolution
		HideSolutionNode = FALSE
	EndGlobalSection
EndGlobal
